
Microsoft Visual Studio Solution File, Format Version 12.00
# Visual Studio Version 17
VisualStudioVersion = 17.3.32929.385
MinimumVisualStudioVersion = 10.0.40219.1
Project("{FAE04EC0-301F-11D3-BF4B-00C04F79EFBC}") = "QLKH", "QLKH\QLKH.csproj", "{097BC903-D49A-48F2-9655-4BDD45C77E56}"
EndProject
Global
	GlobalSection(SolutionConfigurationPlatforms) = preSolution
		Debug|Any CPU = Debug|Any CPU
		Release|Any CPU = Release|Any CPU
	EndGlobalSection
	GlobalSection(ProjectConfigurationPlatforms) = postSolution
		{097BC903-D49A-48F2-9655-4BDD45C77E56}.Debug|Any CPU.ActiveCfg = Debug|Any CPU
		{097BC903-D49A-48F2-9655-4BDD45C77E56}.Debug|Any CPU.Build.0 = Debug|Any CPU
		{097BC903-D49A-48F2-9655-4BDD45C77E56}.Release|Any CPU.ActiveCfg = Release|Any CPU
		{097BC903-D49A-48F2-9655-4BDD45C77E56}.Release|Any CPU.Build.0 = Release|Any CPU
	EndGlobalSection
	GlobalSection(SolutionProperties) = preSolution
		HideSolutionNode = FALSE
	EndGlobalSection
	GlobalSection(ExtensibilityGlobals) = postSolution
		SolutionGuid = {46D4E382-BB42-460E-A284-6C303863680F}
	EndGlobalSection
EndGlobal
